
Microsoft Visual Studio Solution File, Format Version 12.00
# Visual Studio 15
VisualStudioVersion = 15.0.26730.10
MinimumVisualStudioVersion = 10.0.40219.1

Project("{6EC3EE1D-3C4E-46DD-8F32-0CC8E7565705}") = "SqueakyApp", "SqueakyApp\SqueakyApp.fsproj", "{C202DD46-DAB1-4780-B9D1-8160D6E51452}"
EndProject

Project("{F2A71F9B-5D33-465A-A702-920D77279786}") = "SqueakyApp.Android", "SqueakyApp.Android\SqueakyApp.Android.fsproj", "{55F72D4F-54F4-4AE5-A43C-227B7A273903}"
EndProject


Project("{F2A71F9B-5D33-465A-A702-920D77279786}") = "SqueakyApp.iOS", "SqueakyApp.iOS\SqueakyApp.iOS.fsproj", "{BC945560-FD19-40BA-9FF5-51FA54C06E6E}"
EndProject




Global
	GlobalSection(SolutionConfigurationPlatforms) = preSolution
		Ad-Hoc|Any CPU = Ad-Hoc|Any CPU
		Ad-Hoc|ARM = Ad-Hoc|ARM
		Ad-Hoc|iPhone = Ad-Hoc|iPhone
		Ad-Hoc|iPhoneSimulator = Ad-Hoc|iPhoneSimulator
		Ad-Hoc|x64 = Ad-Hoc|x64
		Ad-Hoc|x86 = Ad-Hoc|x86
		AppStore|Any CPU = AppStore|Any CPU
		AppStore|ARM = AppStore|ARM
		AppStore|iPhone = AppStore|iPhone
		AppStore|iPhoneSimulator = AppStore|iPhoneSimulator
		AppStore|x64 = AppStore|x64
		AppStore|x86 = AppStore|x86
		Debug|Any CPU = Debug|Any CPU
		Debug|ARM = Debug|ARM
		Debug|iPhone = Debug|iPhone
		Debug|iPhoneSimulator = Debug|iPhoneSimulator
		Debug|x64 = Debug|x64
		Debug|x86 = Debug|x86
		Release|Any CPU = Release|Any CPU
		Release|ARM = Release|ARM
		Release|iPhone = Release|iPhone
		Release|iPhoneSimulator = Release|iPhoneSimulator
		Release|x64 = Release|x64
		Release|x86 = Release|x86
	EndGlobalSection
	GlobalSection(ProjectConfigurationPlatforms) = postSolution
		{C202DD46-DAB1-4780-B9D1-8160D6E51452}.Ad-Hoc|Any CPU.ActiveCfg = Debug|Any CPU
		{C202DD46-DAB1-4780-B9D1-8160D6E51452}.Ad-Hoc|Any CPU.Build.0 = Debug|Any CPU
		{C202DD46-DAB1-4780-B9D1-8160D6E51452}.Ad-Hoc|ARM.ActiveCfg = Debug|Any CPU
		{C202DD46-DAB1-4780-B9D1-8160D6E51452}.Ad-Hoc|ARM.Build.0 = Debug|Any CPU
		{C202DD46-DAB1-4780-B9D1-8160D6E51452}.Ad-Hoc|iPhone.ActiveCfg = Debug|Any CPU
		{C202DD46-DAB1-4780-B9D1-8160D6E51452}.Ad-Hoc|iPhone.Build.0 = Debug|Any CPU
		{C202DD46-DAB1-4780-B9D1-8160D6E51452}.Ad-Hoc|iPhoneSimulator.ActiveCfg = Debug|Any CPU
		{C202DD46-DAB1-4780-B9D1-8160D6E51452}.Ad-Hoc|iPhoneSimulator.Build.0 = Debug|Any CPU
		{C202DD46-DAB1-4780-B9D1-8160D6E51452}.Ad-Hoc|x64.ActiveCfg = Debug|Any CPU
		{C202DD46-DAB1-4780-B9D1-8160D6E51452}.Ad-Hoc|x64.Build.0 = Debug|Any CPU
		{C202DD46-DAB1-4780-B9D1-8160D6E51452}.Ad-Hoc|x86.ActiveCfg = Debug|Any CPU
		{C202DD46-DAB1-4780-B9D1-8160D6E51452}.Ad-Hoc|x86.Build.0 = Debug|Any CPU
		{C202DD46-DAB1-4780-B9D1-8160D6E51452}.AppStore|Any CPU.ActiveCfg = Debug|Any CPU
		{C202DD46-DAB1-4780-B9D1-8160D6E51452}.AppStore|Any CPU.Build.0 = Debug|Any CPU
		{C202DD46-DAB1-4780-B9D1-8160D6E51452}.AppStore|ARM.ActiveCfg = Debug|Any CPU
		{C202DD46-DAB1-4780-B9D1-8160D6E51452}.AppStore|ARM.Build.0 = Debug|Any CPU
		{C202DD46-DAB1-4780-B9D1-8160D6E51452}.AppStore|iPhone.ActiveCfg = Debug|Any CPU
		{C202DD46-DAB1-4780-B9D1-8160D6E51452}.AppStore|iPhone.Build.0 = Debug|Any CPU
		{C202DD46-DAB1-4780-B9D1-8160D6E51452}.AppStore|iPhoneSimulator.ActiveCfg = Debug|Any CPU
		{C202DD46-DAB1-4780-B9D1-8160D6E51452}.AppStore|iPhoneSimulator.Build.0 = Debug|Any CPU
		{C202DD46-DAB1-4780-B9D1-8160D6E51452}.AppStore|x64.ActiveCfg = Debug|Any CPU
		{C202DD46-DAB1-4780-B9D1-8160D6E51452}.AppStore|x64.Build.0 = Debug|Any CPU
		{C202DD46-DAB1-4780-B9D1-8160D6E51452}.AppStore|x86.ActiveCfg = Debug|Any CPU
		{C202DD46-DAB1-4780-B9D1-8160D6E51452}.AppStore|x86.Build.0 = Debug|Any CPU
		{C202DD46-DAB1-4780-B9D1-8160D6E51452}.Debug|Any CPU.ActiveCfg = Debug|Any CPU
		{C202DD46-DAB1-4780-B9D1-8160D6E51452}.Debug|Any CPU.Build.0 = Debug|Any CPU
		{C202DD46-DAB1-4780-B9D1-8160D6E51452}.Debug|ARM.ActiveCfg = Debug|Any CPU
		{C202DD46-DAB1-4780-B9D1-8160D6E51452}.Debug|ARM.Build.0 = Debug|Any CPU
		{C202DD46-DAB1-4780-B9D1-8160D6E51452}.Debug|iPhone.ActiveCfg = Debug|Any CPU
		{C202DD46-DAB1-4780-B9D1-8160D6E51452}.Debug|iPhone.Build.0 = Debug|Any CPU
		{C202DD46-DAB1-4780-B9D1-8160D6E51452}.Debug|iPhoneSimulator.ActiveCfg = Debug|Any CPU
		{C202DD46-DAB1-4780-B9D1-8160D6E51452}.Debug|iPhoneSimulator.Build.0 = Debug|Any CPU
		{C202DD46-DAB1-4780-B9D1-8160D6E51452}.Debug|x64.ActiveCfg = Debug|Any CPU
		{C202DD46-DAB1-4780-B9D1-8160D6E51452}.Debug|x64.Build.0 = Debug|Any CPU
		{C202DD46-DAB1-4780-B9D1-8160D6E51452}.Debug|x86.ActiveCfg = Debug|Any CPU
		{C202DD46-DAB1-4780-B9D1-8160D6E51452}.Debug|x86.Build.0 = Debug|Any CPU
		{C202DD46-DAB1-4780-B9D1-8160D6E51452}.Release|Any CPU.ActiveCfg = Release|Any CPU
		{C202DD46-DAB1-4780-B9D1-8160D6E51452}.Release|Any CPU.Build.0 = Release|Any CPU
		{C202DD46-DAB1-4780-B9D1-8160D6E51452}.Release|ARM.ActiveCfg = Release|Any CPU
		{C202DD46-DAB1-4780-B9D1-8160D6E51452}.Release|ARM.Build.0 = Release|Any CPU
		{C202DD46-DAB1-4780-B9D1-8160D6E51452}.Release|iPhone.ActiveCfg = Release|Any CPU
		{C202DD46-DAB1-4780-B9D1-8160D6E51452}.Release|iPhone.Build.0 = Release|Any CPU
		{C202DD46-DAB1-4780-B9D1-8160D6E51452}.Release|iPhoneSimulator.ActiveCfg = Release|Any CPU
		{C202DD46-DAB1-4780-B9D1-8160D6E51452}.Release|iPhoneSimulator.Build.0 = Release|Any CPU
		{C202DD46-DAB1-4780-B9D1-8160D6E51452}.Release|x64.ActiveCfg = Release|Any CPU
		{C202DD46-DAB1-4780-B9D1-8160D6E51452}.Release|x64.Build.0 = Release|Any CPU
		{C202DD46-DAB1-4780-B9D1-8160D6E51452}.Release|x86.ActiveCfg = Release|Any CPU
		{C202DD46-DAB1-4780-B9D1-8160D6E51452}.Release|x86.Build.0 = Release|Any CPU
		{BC945560-FD19-40BA-9FF5-51FA54C06E6E}.Ad-Hoc|Any CPU.ActiveCfg = Ad-Hoc|iPhone
		{BC945560-FD19-40BA-9FF5-51FA54C06E6E}.Ad-Hoc|ARM.ActiveCfg = Ad-Hoc|iPhone
		{BC945560-FD19-40BA-9FF5-51FA54C06E6E}.Ad-Hoc|iPhone.ActiveCfg = Ad-Hoc|iPhone
		{BC945560-FD19-40BA-9FF5-51FA54C06E6E}.Ad-Hoc|iPhone.Build.0 = Ad-Hoc|iPhone
		{BC945560-FD19-40BA-9FF5-51FA54C06E6E}.Ad-Hoc|iPhoneSimulator.ActiveCfg = Ad-Hoc|iPhoneSimulator
		{BC945560-FD19-40BA-9FF5-51FA54C06E6E}.Ad-Hoc|iPhoneSimulator.Build.0 = Ad-Hoc|iPhoneSimulator
		{BC945560-FD19-40BA-9FF5-51FA54C06E6E}.Ad-Hoc|x64.ActiveCfg = Ad-Hoc|iPhone
		{BC945560-FD19-40BA-9FF5-51FA54C06E6E}.Ad-Hoc|x86.ActiveCfg = Ad-Hoc|iPhone
		{BC945560-FD19-40BA-9FF5-51FA54C06E6E}.AppStore|Any CPU.ActiveCfg = AppStore|iPhone
		{BC945560-FD19-40BA-9FF5-51FA54C06E6E}.AppStore|ARM.ActiveCfg = AppStore|iPhone
		{BC945560-FD19-40BA-9FF5-51FA54C06E6E}.AppStore|iPhone.ActiveCfg = AppStore|iPhone
		{BC945560-FD19-40BA-9FF5-51FA54C06E6E}.AppStore|iPhone.Build.0 = AppStore|iPhone
		{BC945560-FD19-40BA-9FF5-51FA54C06E6E}.AppStore|iPhoneSimulator.ActiveCfg = AppStore|iPhoneSimulator
		{BC945560-FD19-40BA-9FF5-51FA54C06E6E}.AppStore|iPhoneSimulator.Build.0 = AppStore|iPhoneSimulator
		{BC945560-FD19-40BA-9FF5-51FA54C06E6E}.AppStore|x64.ActiveCfg = AppStore|iPhone
		{BC945560-FD19-40BA-9FF5-51FA54C06E6E}.AppStore|x86.ActiveCfg = AppStore|iPhone
		{BC945560-FD19-40BA-9FF5-51FA54C06E6E}.Debug|Any CPU.ActiveCfg = Debug|iPhone
		{BC945560-FD19-40BA-9FF5-51FA54C06E6E}.Debug|ARM.ActiveCfg = Debug|iPhone
		{BC945560-FD19-40BA-9FF5-51FA54C06E6E}.Debug|iPhone.ActiveCfg = Debug|iPhone
		{BC945560-FD19-40BA-9FF5-51FA54C06E6E}.Debug|iPhone.Build.0 = Debug|iPhone
		{BC945560-FD19-40BA-9FF5-51FA54C06E6E}.Debug|iPhoneSimulator.ActiveCfg = Debug|iPhoneSimulator
		{BC945560-FD19-40BA-9FF5-51FA54C06E6E}.Debug|iPhoneSimulator.Build.0 = Debug|iPhoneSimulator
		{BC945560-FD19-40BA-9FF5-51FA54C06E6E}.Debug|x64.ActiveCfg = Debug|iPhone
		{BC945560-FD19-40BA-9FF5-51FA54C06E6E}.Debug|x86.ActiveCfg = Debug|iPhone
		{BC945560-FD19-40BA-9FF5-51FA54C06E6E}.Release|Any CPU.ActiveCfg = Release|iPhone
		{BC945560-FD19-40BA-9FF5-51FA54C06E6E}.Release|ARM.ActiveCfg = Release|iPhone
		{BC945560-FD19-40BA-9FF5-51FA54C06E6E}.Release|iPhone.ActiveCfg = Release|iPhone
		{BC945560-FD19-40BA-9FF5-51FA54C06E6E}.Release|iPhone.Build.0 = Release|iPhone
		{BC945560-FD19-40BA-9FF5-51FA54C06E6E}.Release|iPhoneSimulator.ActiveCfg = Release|iPhoneSimulator
		{BC945560-FD19-40BA-9FF5-51FA54C06E6E}.Release|iPhoneSimulator.Build.0 = Release|iPhoneSimulator
		{BC945560-FD19-40BA-9FF5-51FA54C06E6E}.Release|x64.ActiveCfg = Release|iPhone
		{BC945560-FD19-40BA-9FF5-51FA54C06E6E}.Release|x86.ActiveCfg = Release|iPhone
		{F2137565-C938-4002-844D-BBB87F9B7854}.Ad-Hoc|Any CPU.ActiveCfg = Release|x86
		{F2137565-C938-4002-844D-BBB87F9B7854}.Ad-Hoc|Any CPU.Build.0 = Release|x86
		{F2137565-C938-4002-844D-BBB87F9B7854}.Ad-Hoc|Any CPU.Deploy.0 = Release|x86
		{F2137565-C938-4002-844D-BBB87F9B7854}.Ad-Hoc|ARM.ActiveCfg = Release|ARM
		{F2137565-C938-4002-844D-BBB87F9B7854}.Ad-Hoc|ARM.Build.0 = Release|ARM
		{F2137565-C938-4002-844D-BBB87F9B7854}.Ad-Hoc|ARM.Deploy.0 = Release|ARM
		{F2137565-C938-4002-844D-BBB87F9B7854}.Ad-Hoc|iPhone.ActiveCfg = Release|x86
		{F2137565-C938-4002-844D-BBB87F9B7854}.Ad-Hoc|iPhone.Build.0 = Release|x86
		{F2137565-C938-4002-844D-BBB87F9B7854}.Ad-Hoc|iPhone.Deploy.0 = Release|x86
		{F2137565-C938-4002-844D-BBB87F9B7854}.Ad-Hoc|iPhoneSimulator.ActiveCfg = Release|x86
		{F2137565-C938-4002-844D-BBB87F9B7854}.Ad-Hoc|iPhoneSimulator.Build.0 = Release|x86
		{F2137565-C938-4002-844D-BBB87F9B7854}.Ad-Hoc|iPhoneSimulator.Deploy.0 = Release|x86
		{F2137565-C938-4002-844D-BBB87F9B7854}.Ad-Hoc|x64.ActiveCfg = Release|x64
		{F2137565-C938-4002-844D-BBB87F9B7854}.Ad-Hoc|x64.Build.0 = Release|x64
		{F2137565-C938-4002-844D-BBB87F9B7854}.Ad-Hoc|x64.Deploy.0 = Release|x64
		{F2137565-C938-4002-844D-BBB87F9B7854}.Ad-Hoc|x86.ActiveCfg = Release|x86
		{F2137565-C938-4002-844D-BBB87F9B7854}.Ad-Hoc|x86.Build.0 = Release|x86
		{F2137565-C938-4002-844D-BBB87F9B7854}.Ad-Hoc|x86.Deploy.0 = Release|x86
		{F2137565-C938-4002-844D-BBB87F9B7854}.AppStore|Any CPU.ActiveCfg = Release|x86
		{F2137565-C938-4002-844D-BBB87F9B7854}.AppStore|Any CPU.Build.0 = Release|x86
		{F2137565-C938-4002-844D-BBB87F9B7854}.AppStore|Any CPU.Deploy.0 = Release|x86
		{F2137565-C938-4002-844D-BBB87F9B7854}.AppStore|ARM.ActiveCfg = Release|ARM
		{F2137565-C938-4002-844D-BBB87F9B7854}.AppStore|ARM.Build.0 = Release|ARM
		{F2137565-C938-4002-844D-BBB87F9B7854}.AppStore|ARM.Deploy.0 = Release|ARM
		{F2137565-C938-4002-844D-BBB87F9B7854}.AppStore|iPhone.ActiveCfg = Release|x86
		{F2137565-C938-4002-844D-BBB87F9B7854}.AppStore|iPhone.Build.0 = Release|x86
		{F2137565-C938-4002-844D-BBB87F9B7854}.AppStore|iPhone.Deploy.0 = Release|x86
		{F2137565-C938-4002-844D-BBB87F9B7854}.AppStore|iPhoneSimulator.ActiveCfg = Release|x86
		{F2137565-C938-4002-844D-BBB87F9B7854}.AppStore|iPhoneSimulator.Build.0 = Release|x86
		{F2137565-C938-4002-844D-BBB87F9B7854}.AppStore|iPhoneSimulator.Deploy.0 = Release|x86
		{F2137565-C938-4002-844D-BBB87F9B7854}.AppStore|x64.ActiveCfg = Release|x64
		{F2137565-C938-4002-844D-BBB87F9B7854}.AppStore|x64.Build.0 = Release|x64
		{F2137565-C938-4002-844D-BBB87F9B7854}.AppStore|x64.Deploy.0 = Release|x64
		{F2137565-C938-4002-844D-BBB87F9B7854}.AppStore|x86.ActiveCfg = Release|x86
		{F2137565-C938-4002-844D-BBB87F9B7854}.AppStore|x86.Build.0 = Release|x86
		{F2137565-C938-4002-844D-BBB87F9B7854}.AppStore|x86.Deploy.0 = Release|x86
		{F2137565-C938-4002-844D-BBB87F9B7854}.Debug|Any CPU.ActiveCfg = Debug|x86
		{F2137565-C938-4002-844D-BBB87F9B7854}.Debug|ARM.ActiveCfg = Debug|ARM
		{F2137565-C938-4002-844D-BBB87F9B7854}.Debug|ARM.Build.0 = Debug|ARM
		{F2137565-C938-4002-844D-BBB87F9B7854}.Debug|ARM.Deploy.0 = Debug|ARM
		{F2137565-C938-4002-844D-BBB87F9B7854}.Debug|iPhone.ActiveCfg = Debug|x86
		{F2137565-C938-4002-844D-BBB87F9B7854}.Debug|iPhoneSimulator.ActiveCfg = Debug|x86
		{F2137565-C938-4002-844D-BBB87F9B7854}.Debug|x64.ActiveCfg = Debug|x64
		{F2137565-C938-4002-844D-BBB87F9B7854}.Debug|x64.Build.0 = Debug|x64
		{F2137565-C938-4002-844D-BBB87F9B7854}.Debug|x64.Deploy.0 = Debug|x64
		{F2137565-C938-4002-844D-BBB87F9B7854}.Debug|x86.ActiveCfg = Debug|x86
		{F2137565-C938-4002-844D-BBB87F9B7854}.Debug|x86.Build.0 = Debug|x86
		{F2137565-C938-4002-844D-BBB87F9B7854}.Debug|x86.Deploy.0 = Debug|x86
		{F2137565-C938-4002-844D-BBB87F9B7854}.Release|Any CPU.ActiveCfg = Release|x86
		{F2137565-C938-4002-844D-BBB87F9B7854}.Release|ARM.ActiveCfg = Release|ARM
		{F2137565-C938-4002-844D-BBB87F9B7854}.Release|ARM.Build.0 = Release|ARM
		{F2137565-C938-4002-844D-BBB87F9B7854}.Release|ARM.Deploy.0 = Release|ARM
		{F2137565-C938-4002-844D-BBB87F9B7854}.Release|iPhone.ActiveCfg = Release|x86
		{F2137565-C938-4002-844D-BBB87F9B7854}.Release|iPhoneSimulator.ActiveCfg = Release|x86
		{F2137565-C938-4002-844D-BBB87F9B7854}.Release|x64.ActiveCfg = Release|x64
		{F2137565-C938-4002-844D-BBB87F9B7854}.Release|x64.Build.0 = Release|x64
		{F2137565-C938-4002-844D-BBB87F9B7854}.Release|x64.Deploy.0 = Release|x64
		{F2137565-C938-4002-844D-BBB87F9B7854}.Release|x86.ActiveCfg = Release|x86
		{F2137565-C938-4002-844D-BBB87F9B7854}.Release|x86.Build.0 = Release|x86
		{F2137565-C938-4002-844D-BBB87F9B7854}.Release|x86.Deploy.0 = Release|x86
		{2C0D695D-7682-4FBE-8DF4-859BDC478CAF}.Ad-Hoc|Any CPU.ActiveCfg = Release|Any CPU
		{2C0D695D-7682-4FBE-8DF4-859BDC478CAF}.Ad-Hoc|Any CPU.Build.0 = Release|Any CPU
		{2C0D695D-7682-4FBE-8DF4-859BDC478CAF}.Ad-Hoc|ARM.ActiveCfg = Release|Any CPU
		{2C0D695D-7682-4FBE-8DF4-859BDC478CAF}.Ad-Hoc|ARM.Build.0 = Release|Any CPU
		{2C0D695D-7682-4FBE-8DF4-859BDC478CAF}.Ad-Hoc|iPhone.ActiveCfg = Release|Any CPU
		{2C0D695D-7682-4FBE-8DF4-859BDC478CAF}.Ad-Hoc|iPhone.Build.0 = Release|Any CPU
		{2C0D695D-7682-4FBE-8DF4-859BDC478CAF}.Ad-Hoc|iPhoneSimulator.ActiveCfg = Release|Any CPU
		{2C0D695D-7682-4FBE-8DF4-859BDC478CAF}.Ad-Hoc|iPhoneSimulator.Build.0 = Release|Any CPU
		{2C0D695D-7682-4FBE-8DF4-859BDC478CAF}.Ad-Hoc|x64.ActiveCfg = Release|Any CPU
		{2C0D695D-7682-4FBE-8DF4-859BDC478CAF}.Ad-Hoc|x64.Build.0 = Release|Any CPU
		{2C0D695D-7682-4FBE-8DF4-859BDC478CAF}.Ad-Hoc|x86.ActiveCfg = Release|Any CPU
		{2C0D695D-7682-4FBE-8DF4-859BDC478CAF}.Ad-Hoc|x86.Build.0 = Release|Any CPU
		{2C0D695D-7682-4FBE-8DF4-859BDC478CAF}.AppStore|Any CPU.ActiveCfg = Release|Any CPU
		{2C0D695D-7682-4FBE-8DF4-859BDC478CAF}.AppStore|Any CPU.Build.0 = Release|Any CPU
		{2C0D695D-7682-4FBE-8DF4-859BDC478CAF}.AppStore|ARM.ActiveCfg = Release|Any CPU
		{2C0D695D-7682-4FBE-8DF4-859BDC478CAF}.AppStore|ARM.Build.0 = Release|Any CPU
		{2C0D695D-7682-4FBE-8DF4-859BDC478CAF}.AppStore|iPhone.ActiveCfg = Release|Any CPU
		{2C0D695D-7682-4FBE-8DF4-859BDC478CAF}.AppStore|iPhone.Build.0 = Release|Any CPU
		{2C0D695D-7682-4FBE-8DF4-859BDC478CAF}.AppStore|iPhoneSimulator.ActiveCfg = Release|Any CPU
		{2C0D695D-7682-4FBE-8DF4-859BDC478CAF}.AppStore|iPhoneSimulator.Build.0 = Release|Any CPU
		{2C0D695D-7682-4FBE-8DF4-859BDC478CAF}.AppStore|x64.ActiveCfg = Release|Any CPU
		{2C0D695D-7682-4FBE-8DF4-859BDC478CAF}.AppStore|x64.Build.0 = Release|Any CPU
		{2C0D695D-7682-4FBE-8DF4-859BDC478CAF}.AppStore|x86.ActiveCfg = Release|Any CPU
		{2C0D695D-7682-4FBE-8DF4-859BDC478CAF}.AppStore|x86.Build.0 = Release|Any CPU
		{2C0D695D-7682-4FBE-8DF4-859BDC478CAF}.Debug|Any CPU.ActiveCfg = Debug|Any CPU
		{2C0D695D-7682-4FBE-8DF4-859BDC478CAF}.Debug|Any CPU.Build.0 = Debug|Any CPU
		{2C0D695D-7682-4FBE-8DF4-859BDC478CAF}.Debug|ARM.ActiveCfg = Debug|Any CPU
		{2C0D695D-7682-4FBE-8DF4-859BDC478CAF}.Debug|ARM.Build.0 = Debug|Any CPU
		{2C0D695D-7682-4FBE-8DF4-859BDC478CAF}.Debug|iPhone.ActiveCfg = Debug|Any CPU
		{2C0D695D-7682-4FBE-8DF4-859BDC478CAF}.Debug|iPhone.Build.0 = Debug|Any CPU
		{2C0D695D-7682-4FBE-8DF4-859BDC478CAF}.Debug|iPhoneSimulator.ActiveCfg = Debug|Any CPU
		{2C0D695D-7682-4FBE-8DF4-859BDC478CAF}.Debug|iPhoneSimulator.Build.0 = Debug|Any CPU
		{2C0D695D-7682-4FBE-8DF4-859BDC478CAF}.Debug|x64.ActiveCfg = Debug|Any CPU
		{2C0D695D-7682-4FBE-8DF4-859BDC478CAF}.Debug|x64.Build.0 = Debug|Any CPU
		{2C0D695D-7682-4FBE-8DF4-859BDC478CAF}.Debug|x86.ActiveCfg = Debug|Any CPU
		{2C0D695D-7682-4FBE-8DF4-859BDC478CAF}.Debug|x86.Build.0 = Debug|Any CPU
		{2C0D695D-7682-4FBE-8DF4-859BDC478CAF}.Release|Any CPU.ActiveCfg = Release|Any CPU
		{2C0D695D-7682-4FBE-8DF4-859BDC478CAF}.Release|Any CPU.Build.0 = Release|Any CPU
		{2C0D695D-7682-4FBE-8DF4-859BDC478CAF}.Release|ARM.ActiveCfg = Release|Any CPU
		{2C0D695D-7682-4FBE-8DF4-859BDC478CAF}.Release|ARM.Build.0 = Release|Any CPU
		{2C0D695D-7682-4FBE-8DF4-859BDC478CAF}.Release|iPhone.ActiveCfg = Release|Any CPU
		{2C0D695D-7682-4FBE-8DF4-859BDC478CAF}.Release|iPhone.Build.0 = Release|Any CPU
		{2C0D695D-7682-4FBE-8DF4-859BDC478CAF}.Release|iPhoneSimulator.ActiveCfg = Release|Any CPU
		{2C0D695D-7682-4FBE-8DF4-859BDC478CAF}.Release|iPhoneSimulator.Build.0 = Release|Any CPU
		{2C0D695D-7682-4FBE-8DF4-859BDC478CAF}.Release|x64.ActiveCfg = Release|Any CPU
		{2C0D695D-7682-4FBE-8DF4-859BDC478CAF}.Release|x64.Build.0 = Release|Any CPU
		{2C0D695D-7682-4FBE-8DF4-859BDC478CAF}.Release|x86.ActiveCfg = Release|Any CPU
		{2C0D695D-7682-4FBE-8DF4-859BDC478CAF}.Release|x86.Build.0 = Release|Any CPU
		{F194867B-85D4-4AA1-9F1A-484D93FF9980}.Ad-Hoc|Any CPU.ActiveCfg = Release|Any CPU
		{F194867B-85D4-4AA1-9F1A-484D93FF9980}.Ad-Hoc|Any CPU.Build.0 = Release|Any CPU
		{F194867B-85D4-4AA1-9F1A-484D93FF9980}.Ad-Hoc|ARM.ActiveCfg = Release|Any CPU
		{F194867B-85D4-4AA1-9F1A-484D93FF9980}.Ad-Hoc|ARM.Build.0 = Release|Any CPU
		{F194867B-85D4-4AA1-9F1A-484D93FF9980}.Ad-Hoc|iPhone.ActiveCfg = Release|Any CPU
		{F194867B-85D4-4AA1-9F1A-484D93FF9980}.Ad-Hoc|iPhone.Build.0 = Release|Any CPU
		{F194867B-85D4-4AA1-9F1A-484D93FF9980}.Ad-Hoc|iPhoneSimulator.ActiveCfg = Release|Any CPU
		{F194867B-85D4-4AA1-9F1A-484D93FF9980}.Ad-Hoc|iPhoneSimulator.Build.0 = Release|Any CPU
		{F194867B-85D4-4AA1-9F1A-484D93FF9980}.Ad-Hoc|x64.ActiveCfg = Release|Any CPU
		{F194867B-85D4-4AA1-9F1A-484D93FF9980}.Ad-Hoc|x64.Build.0 = Release|Any CPU
		{F194867B-85D4-4AA1-9F1A-484D93FF9980}.Ad-Hoc|x86.ActiveCfg = Release|Any CPU
		{F194867B-85D4-4AA1-9F1A-484D93FF9980}.Ad-Hoc|x86.Build.0 = Release|Any CPU
		{F194867B-85D4-4AA1-9F1A-484D93FF9980}.AppStore|Any CPU.ActiveCfg = Release|Any CPU
		{F194867B-85D4-4AA1-9F1A-484D93FF9980}.AppStore|Any CPU.Build.0 = Release|Any CPU
		{F194867B-85D4-4AA1-9F1A-484D93FF9980}.AppStore|ARM.ActiveCfg = Release|Any CPU
		{F194867B-85D4-4AA1-9F1A-484D93FF9980}.AppStore|ARM.Build.0 = Release|Any CPU
		{F194867B-85D4-4AA1-9F1A-484D93FF9980}.AppStore|iPhone.ActiveCfg = Release|Any CPU
		{F194867B-85D4-4AA1-9F1A-484D93FF9980}.AppStore|iPhone.Build.0 = Release|Any CPU
		{F194867B-85D4-4AA1-9F1A-484D93FF9980}.AppStore|iPhoneSimulator.ActiveCfg = Release|Any CPU
		{F194867B-85D4-4AA1-9F1A-484D93FF9980}.AppStore|iPhoneSimulator.Build.0 = Release|Any CPU
		{F194867B-85D4-4AA1-9F1A-484D93FF9980}.AppStore|x64.ActiveCfg = Release|Any CPU
		{F194867B-85D4-4AA1-9F1A-484D93FF9980}.AppStore|x64.Build.0 = Release|Any CPU
		{F194867B-85D4-4AA1-9F1A-484D93FF9980}.AppStore|x86.ActiveCfg = Release|Any CPU
		{F194867B-85D4-4AA1-9F1A-484D93FF9980}.AppStore|x86.Build.0 = Release|Any CPU
		{F194867B-85D4-4AA1-9F1A-484D93FF9980}.Debug|Any CPU.ActiveCfg = Debug|Any CPU
		{F194867B-85D4-4AA1-9F1A-484D93FF9980}.Debug|Any CPU.Build.0 = Debug|Any CPU
		{F194867B-85D4-4AA1-9F1A-484D93FF9980}.Debug|ARM.ActiveCfg = Debug|Any CPU
		{F194867B-85D4-4AA1-9F1A-484D93FF9980}.Debug|ARM.Build.0 = Debug|Any CPU
		{F194867B-85D4-4AA1-9F1A-484D93FF9980}.Debug|iPhone.ActiveCfg = Debug|Any CPU
		{F194867B-85D4-4AA1-9F1A-484D93FF9980}.Debug|iPhone.Build.0 = Debug|Any CPU
		{F194867B-85D4-4AA1-9F1A-484D93FF9980}.Debug|iPhoneSimulator.ActiveCfg = Debug|Any CPU
		{F194867B-85D4-4AA1-9F1A-484D93FF9980}.Debug|iPhoneSimulator.Build.0 = Debug|Any CPU
		{F194867B-85D4-4AA1-9F1A-484D93FF9980}.Debug|x64.ActiveCfg = Debug|Any CPU
		{F194867B-85D4-4AA1-9F1A-484D93FF9980}.Debug|x64.Build.0 = Debug|Any CPU
		{F194867B-85D4-4AA1-9F1A-484D93FF9980}.Debug|x86.ActiveCfg = Debug|Any CPU
		{F194867B-85D4-4AA1-9F1A-484D93FF9980}.Debug|x86.Build.0 = Debug|Any CPU
		{F194867B-85D4-4AA1-9F1A-484D93FF9980}.Release|Any CPU.ActiveCfg = Release|Any CPU
		{F194867B-85D4-4AA1-9F1A-484D93FF9980}.Release|Any CPU.Build.0 = Release|Any CPU
		{F194867B-85D4-4AA1-9F1A-484D93FF9980}.Release|ARM.ActiveCfg = Release|Any CPU
		{F194867B-85D4-4AA1-9F1A-484D93FF9980}.Release|ARM.Build.0 = Release|Any CPU
		{F194867B-85D4-4AA1-9F1A-484D93FF9980}.Release|iPhone.ActiveCfg = Release|Any CPU
		{F194867B-85D4-4AA1-9F1A-484D93FF9980}.Release|iPhone.Build.0 = Release|Any CPU
		{F194867B-85D4-4AA1-9F1A-484D93FF9980}.Release|iPhoneSimulator.ActiveCfg = Release|Any CPU
		{F194867B-85D4-4AA1-9F1A-484D93FF9980}.Release|iPhoneSimulator.Build.0 = Release|Any CPU
		{F194867B-85D4-4AA1-9F1A-484D93FF9980}.Release|x64.ActiveCfg = Release|Any CPU
		{F194867B-85D4-4AA1-9F1A-484D93FF9980}.Release|x64.Build.0 = Release|Any CPU
		{F194867B-85D4-4AA1-9F1A-484D93FF9980}.Release|x86.ActiveCfg = Release|Any CPU
		{F194867B-85D4-4AA1-9F1A-484D93FF9980}.Release|x86.Build.0 = Release|Any CPU
		{55F72D4F-54F4-4AE5-A43C-227B7A273903}.Ad-Hoc|Any CPU.ActiveCfg = Release|Any CPU
		{55F72D4F-54F4-4AE5-A43C-227B7A273903}.Ad-Hoc|Any CPU.Build.0 = Release|Any CPU
		{55F72D4F-54F4-4AE5-A43C-227B7A273903}.Ad-Hoc|ARM.ActiveCfg = Release|Any CPU
		{55F72D4F-54F4-4AE5-A43C-227B7A273903}.Ad-Hoc|ARM.Build.0 = Release|Any CPU
		{55F72D4F-54F4-4AE5-A43C-227B7A273903}.Ad-Hoc|iPhone.ActiveCfg = Release|Any CPU
		{55F72D4F-54F4-4AE5-A43C-227B7A273903}.Ad-Hoc|iPhone.Build.0 = Release|Any CPU
		{55F72D4F-54F4-4AE5-A43C-227B7A273903}.Ad-Hoc|iPhoneSimulator.ActiveCfg = Release|Any CPU
		{55F72D4F-54F4-4AE5-A43C-227B7A273903}.Ad-Hoc|iPhoneSimulator.Build.0 = Release|Any CPU
		{55F72D4F-54F4-4AE5-A43C-227B7A273903}.Ad-Hoc|x64.ActiveCfg = Release|Any CPU
		{55F72D4F-54F4-4AE5-A43C-227B7A273903}.Ad-Hoc|x64.Build.0 = Release|Any CPU
		{55F72D4F-54F4-4AE5-A43C-227B7A273903}.Ad-Hoc|x86.ActiveCfg = Release|Any CPU
		{55F72D4F-54F4-4AE5-A43C-227B7A273903}.Ad-Hoc|x86.Build.0 = Release|Any CPU
		{55F72D4F-54F4-4AE5-A43C-227B7A273903}.AppStore|Any CPU.ActiveCfg = Release|Any CPU
		{55F72D4F-54F4-4AE5-A43C-227B7A273903}.AppStore|Any CPU.Build.0 = Release|Any CPU
		{55F72D4F-54F4-4AE5-A43C-227B7A273903}.AppStore|ARM.ActiveCfg = Release|Any CPU
		{55F72D4F-54F4-4AE5-A43C-227B7A273903}.AppStore|ARM.Build.0 = Release|Any CPU
		{55F72D4F-54F4-4AE5-A43C-227B7A273903}.AppStore|iPhone.ActiveCfg = Release|Any CPU
		{55F72D4F-54F4-4AE5-A43C-227B7A273903}.AppStore|iPhone.Build.0 = Release|Any CPU
		{55F72D4F-54F4-4AE5-A43C-227B7A273903}.AppStore|iPhoneSimulator.ActiveCfg = Release|Any CPU
		{55F72D4F-54F4-4AE5-A43C-227B7A273903}.AppStore|iPhoneSimulator.Build.0 = Release|Any CPU
		{55F72D4F-54F4-4AE5-A43C-227B7A273903}.AppStore|x64.ActiveCfg = Release|Any CPU
		{55F72D4F-54F4-4AE5-A43C-227B7A273903}.AppStore|x64.Build.0 = Release|Any CPU
		{55F72D4F-54F4-4AE5-A43C-227B7A273903}.AppStore|x86.ActiveCfg = Release|Any CPU
		{55F72D4F-54F4-4AE5-A43C-227B7A273903}.AppStore|x86.Build.0 = Release|Any CPU
		{55F72D4F-54F4-4AE5-A43C-227B7A273903}.Debug|Any CPU.ActiveCfg = Debug|Any CPU
		{55F72D4F-54F4-4AE5-A43C-227B7A273903}.Debug|Any CPU.Build.0 = Debug|Any CPU
		{55F72D4F-54F4-4AE5-A43C-227B7A273903}.Debug|Any CPU.Deploy.0 = Debug|Any CPU
		{55F72D4F-54F4-4AE5-A43C-227B7A273903}.Debug|ARM.ActiveCfg = Debug|Any CPU
		{55F72D4F-54F4-4AE5-A43C-227B7A273903}.Debug|ARM.Build.0 = Debug|Any CPU
		{55F72D4F-54F4-4AE5-A43C-227B7A273903}.Debug|iPhone.ActiveCfg = Debug|Any CPU
		{55F72D4F-54F4-4AE5-A43C-227B7A273903}.Debug|iPhone.Build.0 = Debug|Any CPU
		{55F72D4F-54F4-4AE5-A43C-227B7A273903}.Debug|iPhoneSimulator.ActiveCfg = Debug|Any CPU
		{55F72D4F-54F4-4AE5-A43C-227B7A273903}.Debug|iPhoneSimulator.Build.0 = Debug|Any CPU
		{55F72D4F-54F4-4AE5-A43C-227B7A273903}.Debug|x64.ActiveCfg = Debug|Any CPU
		{55F72D4F-54F4-4AE5-A43C-227B7A273903}.Debug|x64.Build.0 = Debug|Any CPU
		{55F72D4F-54F4-4AE5-A43C-227B7A273903}.Debug|x86.ActiveCfg = Debug|Any CPU
		{55F72D4F-54F4-4AE5-A43C-227B7A273903}.Debug|x86.Build.0 = Debug|Any CPU
		{55F72D4F-54F4-4AE5-A43C-227B7A273903}.Release|Any CPU.ActiveCfg = Release|Any CPU
		{55F72D4F-54F4-4AE5-A43C-227B7A273903}.Release|Any CPU.Build.0 = Release|Any CPU
		{55F72D4F-54F4-4AE5-A43C-227B7A273903}.Release|Any CPU.Deploy.0 = Release|Any CPU
		{55F72D4F-54F4-4AE5-A43C-227B7A273903}.Release|ARM.ActiveCfg = Release|Any CPU
		{55F72D4F-54F4-4AE5-A43C-227B7A273903}.Release|ARM.Build.0 = Release|Any CPU
		{55F72D4F-54F4-4AE5-A43C-227B7A273903}.Release|iPhone.ActiveCfg = Release|Any CPU
		{55F72D4F-54F4-4AE5-A43C-227B7A273903}.Release|iPhone.Build.0 = Release|Any CPU
		{55F72D4F-54F4-4AE5-A43C-227B7A273903}.Release|iPhoneSimulator.ActiveCfg = Release|Any CPU
		{55F72D4F-54F4-4AE5-A43C-227B7A273903}.Release|iPhoneSimulator.Build.0 = Release|Any CPU
		{55F72D4F-54F4-4AE5-A43C-227B7A273903}.Release|x64.ActiveCfg = Release|Any CPU
		{55F72D4F-54F4-4AE5-A43C-227B7A273903}.Release|x64.Build.0 = Release|Any CPU
		{55F72D4F-54F4-4AE5-A43C-227B7A273903}.Release|x86.ActiveCfg = Release|Any CPU
		{55F72D4F-54F4-4AE5-A43C-227B7A273903}.Release|x86.Build.0 = Release|Any CPU
		{C74F0C6B-8D4D-4652-97D5-DFAE69AF58AC}.Ad-Hoc|Any CPU.ActiveCfg = Release|Any CPU
		{C74F0C6B-8D4D-4652-97D5-DFAE69AF58AC}.Ad-Hoc|Any CPU.Build.0 = Release|Any CPU
		{C74F0C6B-8D4D-4652-97D5-DFAE69AF58AC}.Ad-Hoc|ARM.ActiveCfg = Release|Any CPU
		{C74F0C6B-8D4D-4652-97D5-DFAE69AF58AC}.Ad-Hoc|ARM.Build.0 = Release|Any CPU
		{C74F0C6B-8D4D-4652-97D5-DFAE69AF58AC}.Ad-Hoc|iPhone.ActiveCfg = Release|Any CPU
		{C74F0C6B-8D4D-4652-97D5-DFAE69AF58AC}.Ad-Hoc|iPhone.Build.0 = Release|Any CPU
		{C74F0C6B-8D4D-4652-97D5-DFAE69AF58AC}.Ad-Hoc|iPhoneSimulator.ActiveCfg = Release|Any CPU
		{C74F0C6B-8D4D-4652-97D5-DFAE69AF58AC}.Ad-Hoc|iPhoneSimulator.Build.0 = Release|Any CPU
		{C74F0C6B-8D4D-4652-97D5-DFAE69AF58AC}.Ad-Hoc|x64.ActiveCfg = Release|Any CPU
		{C74F0C6B-8D4D-4652-97D5-DFAE69AF58AC}.Ad-Hoc|x64.Build.0 = Release|Any CPU
		{C74F0C6B-8D4D-4652-97D5-DFAE69AF58AC}.Ad-Hoc|x86.ActiveCfg = Release|Any CPU
		{C74F0C6B-8D4D-4652-97D5-DFAE69AF58AC}.Ad-Hoc|x86.Build.0 = Release|Any CPU
		{C74F0C6B-8D4D-4652-97D5-DFAE69AF58AC}.AppStore|Any CPU.ActiveCfg = Release|Any CPU
		{C74F0C6B-8D4D-4652-97D5-DFAE69AF58AC}.AppStore|Any CPU.Build.0 = Release|Any CPU
		{C74F0C6B-8D4D-4652-97D5-DFAE69AF58AC}.AppStore|ARM.ActiveCfg = Release|Any CPU
		{C74F0C6B-8D4D-4652-97D5-DFAE69AF58AC}.AppStore|ARM.Build.0 = Release|Any CPU
		{C74F0C6B-8D4D-4652-97D5-DFAE69AF58AC}.AppStore|iPhone.ActiveCfg = Release|Any CPU
		{C74F0C6B-8D4D-4652-97D5-DFAE69AF58AC}.AppStore|iPhone.Build.0 = Release|Any CPU
		{C74F0C6B-8D4D-4652-97D5-DFAE69AF58AC}.AppStore|iPhoneSimulator.ActiveCfg = Release|Any CPU
		{C74F0C6B-8D4D-4652-97D5-DFAE69AF58AC}.AppStore|iPhoneSimulator.Build.0 = Release|Any CPU
		{C74F0C6B-8D4D-4652-97D5-DFAE69AF58AC}.AppStore|x64.ActiveCfg = Release|Any CPU
		{C74F0C6B-8D4D-4652-97D5-DFAE69AF58AC}.AppStore|x64.Build.0 = Release|Any CPU
		{C74F0C6B-8D4D-4652-97D5-DFAE69AF58AC}.AppStore|x86.ActiveCfg = Release|Any CPU
		{C74F0C6B-8D4D-4652-97D5-DFAE69AF58AC}.AppStore|x86.Build.0 = Release|Any CPU
		{C74F0C6B-8D4D-4652-97D5-DFAE69AF58AC}.Debug|Any CPU.ActiveCfg = Debug|Any CPU
		{C74F0C6B-8D4D-4652-97D5-DFAE69AF58AC}.Debug|Any CPU.Build.0 = Debug|Any CPU
		{C74F0C6B-8D4D-4652-97D5-DFAE69AF58AC}.Debug|ARM.ActiveCfg = Debug|Any CPU
		{C74F0C6B-8D4D-4652-97D5-DFAE69AF58AC}.Debug|ARM.Build.0 = Debug|Any CPU
		{C74F0C6B-8D4D-4652-97D5-DFAE69AF58AC}.Debug|iPhone.ActiveCfg = Debug|Any CPU
		{C74F0C6B-8D4D-4652-97D5-DFAE69AF58AC}.Debug|iPhone.Build.0 = Debug|Any CPU
		{C74F0C6B-8D4D-4652-97D5-DFAE69AF58AC}.Debug|iPhoneSimulator.ActiveCfg = Debug|Any CPU
		{C74F0C6B-8D4D-4652-97D5-DFAE69AF58AC}.Debug|iPhoneSimulator.Build.0 = Debug|Any CPU
		{C74F0C6B-8D4D-4652-97D5-DFAE69AF58AC}.Debug|x64.ActiveCfg = Debug|Any CPU
		{C74F0C6B-8D4D-4652-97D5-DFAE69AF58AC}.Debug|x64.Build.0 = Debug|Any CPU
		{C74F0C6B-8D4D-4652-97D5-DFAE69AF58AC}.Debug|x86.ActiveCfg = Debug|Any CPU
		{C74F0C6B-8D4D-4652-97D5-DFAE69AF58AC}.Debug|x86.Build.0 = Debug|Any CPU
		{C74F0C6B-8D4D-4652-97D5-DFAE69AF58AC}.Release|Any CPU.ActiveCfg = Release|Any CPU
		{C74F0C6B-8D4D-4652-97D5-DFAE69AF58AC}.Release|Any CPU.Build.0 = Release|Any CPU
		{C74F0C6B-8D4D-4652-97D5-DFAE69AF58AC}.Release|ARM.ActiveCfg = Release|Any CPU
		{C74F0C6B-8D4D-4652-97D5-DFAE69AF58AC}.Release|ARM.Build.0 = Release|Any CPU
		{C74F0C6B-8D4D-4652-97D5-DFAE69AF58AC}.Release|iPhone.ActiveCfg = Release|Any CPU
		{C74F0C6B-8D4D-4652-97D5-DFAE69AF58AC}.Release|iPhone.Build.0 = Release|Any CPU
		{C74F0C6B-8D4D-4652-97D5-DFAE69AF58AC}.Release|iPhoneSimulator.ActiveCfg = Release|Any CPU
		{C74F0C6B-8D4D-4652-97D5-DFAE69AF58AC}.Release|iPhoneSimulator.Build.0 = Release|Any CPU
		{C74F0C6B-8D4D-4652-97D5-DFAE69AF58AC}.Release|x64.ActiveCfg = Release|Any CPU
		{C74F0C6B-8D4D-4652-97D5-DFAE69AF58AC}.Release|x64.Build.0 = Release|Any CPU
		{C74F0C6B-8D4D-4652-97D5-DFAE69AF58AC}.Release|x86.ActiveCfg = Release|Any CPU
		{C74F0C6B-8D4D-4652-97D5-DFAE69AF58AC}.Release|x86.Build.0 = Release|Any CPU
		{0E5BDA14-820C-4D68-8A18-48D7DF968678}.Ad-Hoc|Any CPU.ActiveCfg = Release|x64
		{0E5BDA14-820C-4D68-8A18-48D7DF968678}.Ad-Hoc|Any CPU.Build.0 = Release|x64
		{0E5BDA14-820C-4D68-8A18-48D7DF968678}.Ad-Hoc|Any CPU.Deploy.0 = Release|x64
		{0E5BDA14-820C-4D68-8A18-48D7DF968678}.Ad-Hoc|ARM.ActiveCfg = Release|ARM
		{0E5BDA14-820C-4D68-8A18-48D7DF968678}.Ad-Hoc|ARM.Build.0 = Release|ARM
		{0E5BDA14-820C-4D68-8A18-48D7DF968678}.Ad-Hoc|ARM.Deploy.0 = Release|ARM
		{0E5BDA14-820C-4D68-8A18-48D7DF968678}.Ad-Hoc|ARM64.ActiveCfg = Release|ARM64
		{0E5BDA14-820C-4D68-8A18-48D7DF968678}.Ad-Hoc|ARM64.Build.0 = Release|ARM64
		{0E5BDA14-820C-4D68-8A18-48D7DF968678}.Ad-Hoc|ARM64.Deploy.0 = Release|ARM64
		{0E5BDA14-820C-4D68-8A18-48D7DF968678}.Ad-Hoc|iPhone.ActiveCfg = Release|x64
		{0E5BDA14-820C-4D68-8A18-48D7DF968678}.Ad-Hoc|iPhone.Build.0 = Release|x64
		{0E5BDA14-820C-4D68-8A18-48D7DF968678}.Ad-Hoc|iPhone.Deploy.0 = Release|x64
		{0E5BDA14-820C-4D68-8A18-48D7DF968678}.Ad-Hoc|iPhoneSimulator.ActiveCfg = Release|x64
		{0E5BDA14-820C-4D68-8A18-48D7DF968678}.Ad-Hoc|iPhoneSimulator.Build.0 = Release|x64
		{0E5BDA14-820C-4D68-8A18-48D7DF968678}.Ad-Hoc|iPhoneSimulator.Deploy.0 = Release|x64
		{0E5BDA14-820C-4D68-8A18-48D7DF968678}.Ad-Hoc|x64.ActiveCfg = Release|x64
		{0E5BDA14-820C-4D68-8A18-48D7DF968678}.Ad-Hoc|x64.Build.0 = Release|x64
		{0E5BDA14-820C-4D68-8A18-48D7DF968678}.Ad-Hoc|x64.Deploy.0 = Release|x64
		{0E5BDA14-820C-4D68-8A18-48D7DF968678}.Ad-Hoc|x86.ActiveCfg = Release|x86
		{0E5BDA14-820C-4D68-8A18-48D7DF968678}.Ad-Hoc|x86.Build.0 = Release|x86
		{0E5BDA14-820C-4D68-8A18-48D7DF968678}.Ad-Hoc|x86.Deploy.0 = Release|x86
		{0E5BDA14-820C-4D68-8A18-48D7DF968678}.AppStore|Any CPU.ActiveCfg = Release|x64
		{0E5BDA14-820C-4D68-8A18-48D7DF968678}.AppStore|Any CPU.Build.0 = Release|x64
		{0E5BDA14-820C-4D68-8A18-48D7DF968678}.AppStore|Any CPU.Deploy.0 = Release|x64
		{0E5BDA14-820C-4D68-8A18-48D7DF968678}.AppStore|ARM.ActiveCfg = Release|ARM
		{0E5BDA14-820C-4D68-8A18-48D7DF968678}.AppStore|ARM.Build.0 = Release|ARM
		{0E5BDA14-820C-4D68-8A18-48D7DF968678}.AppStore|ARM.Deploy.0 = Release|ARM
		{0E5BDA14-820C-4D68-8A18-48D7DF968678}.AppStore|ARM64.ActiveCfg = Release|ARM64
		{0E5BDA14-820C-4D68-8A18-48D7DF968678}.AppStore|ARM64.Build.0 = Release|ARM64
		{0E5BDA14-820C-4D68-8A18-48D7DF968678}.AppStore|ARM64.Deploy.0 = Release|ARM64
		{0E5BDA14-820C-4D68-8A18-48D7DF968678}.AppStore|iPhone.ActiveCfg = Release|x64
		{0E5BDA14-820C-4D68-8A18-48D7DF968678}.AppStore|iPhone.Build.0 = Release|x64
		{0E5BDA14-820C-4D68-8A18-48D7DF968678}.AppStore|iPhone.Deploy.0 = Release|x64
		{0E5BDA14-820C-4D68-8A18-48D7DF968678}.AppStore|iPhoneSimulator.ActiveCfg = Release|x64
		{0E5BDA14-820C-4D68-8A18-48D7DF968678}.AppStore|iPhoneSimulator.Build.0 = Release|x64
		{0E5BDA14-820C-4D68-8A18-48D7DF968678}.AppStore|iPhoneSimulator.Deploy.0 = Release|x64
		{0E5BDA14-820C-4D68-8A18-48D7DF968678}.AppStore|x64.ActiveCfg = Release|x64
		{0E5BDA14-820C-4D68-8A18-48D7DF968678}.AppStore|x64.Build.0 = Release|x64
		{0E5BDA14-820C-4D68-8A18-48D7DF968678}.AppStore|x64.Deploy.0 = Release|x64
		{0E5BDA14-820C-4D68-8A18-48D7DF968678}.AppStore|x86.ActiveCfg = Release|x86
		{0E5BDA14-820C-4D68-8A18-48D7DF968678}.AppStore|x86.Build.0 = Release|x86
		{0E5BDA14-820C-4D68-8A18-48D7DF968678}.AppStore|x86.Deploy.0 = Release|x86
		{0E5BDA14-820C-4D68-8A18-48D7DF968678}.Debug|Any CPU.ActiveCfg = Debug|x86
		{0E5BDA14-820C-4D68-8A18-48D7DF968678}.Debug|ARM.ActiveCfg = Debug|ARM
		{0E5BDA14-820C-4D68-8A18-48D7DF968678}.Debug|ARM.Build.0 = Debug|ARM
		{0E5BDA14-820C-4D68-8A18-48D7DF968678}.Debug|ARM.Deploy.0 = Debug|ARM
		{0E5BDA14-820C-4D68-8A18-48D7DF968678}.Debug|ARM64.ActiveCfg = Debug|ARM64
		{0E5BDA14-820C-4D68-8A18-48D7DF968678}.Debug|ARM64.Build.0 = Debug|ARM64
		{0E5BDA14-820C-4D68-8A18-48D7DF968678}.Debug|ARM64.Deploy.0 = Debug|ARM64
		{0E5BDA14-820C-4D68-8A18-48D7DF968678}.Debug|iPhone.ActiveCfg = Debug|x86
		{0E5BDA14-820C-4D68-8A18-48D7DF968678}.Debug|iPhoneSimulator.ActiveCfg = Debug|x86
		{0E5BDA14-820C-4D68-8A18-48D7DF968678}.Debug|x64.ActiveCfg = Debug|x64
		{0E5BDA14-820C-4D68-8A18-48D7DF968678}.Debug|x64.Build.0 = Debug|x64
		{0E5BDA14-820C-4D68-8A18-48D7DF968678}.Debug|x64.Deploy.0 = Debug|x64
		{0E5BDA14-820C-4D68-8A18-48D7DF968678}.Debug|x86.ActiveCfg = Debug|x86
		{0E5BDA14-820C-4D68-8A18-48D7DF968678}.Debug|x86.Build.0 = Debug|x86
		{0E5BDA14-820C-4D68-8A18-48D7DF968678}.Debug|x86.Deploy.0 = Debug|x86
		{0E5BDA14-820C-4D68-8A18-48D7DF968678}.Release|Any CPU.ActiveCfg = Release|x86
		{0E5BDA14-820C-4D68-8A18-48D7DF968678}.Release|ARM.ActiveCfg = Release|ARM
		{0E5BDA14-820C-4D68-8A18-48D7DF968678}.Release|ARM.Build.0 = Release|ARM
		{0E5BDA14-820C-4D68-8A18-48D7DF968678}.Release|ARM.Deploy.0 = Release|ARM
		{0E5BDA14-820C-4D68-8A18-48D7DF968678}.Release|ARM64.ActiveCfg = Release|ARM64
		{0E5BDA14-820C-4D68-8A18-48D7DF968678}.Release|ARM64.Build.0 = Release|ARM64
		{0E5BDA14-820C-4D68-8A18-48D7DF968678}.Release|ARM64.Deploy.0 = Release|ARM64
		{0E5BDA14-820C-4D68-8A18-48D7DF968678}.Release|iPhone.ActiveCfg = Release|x86
		{0E5BDA14-820C-4D68-8A18-48D7DF968678}.Release|iPhoneSimulator.ActiveCfg = Release|x86
		{0E5BDA14-820C-4D68-8A18-48D7DF968678}.Release|x64.ActiveCfg = Release|x64
		{0E5BDA14-820C-4D68-8A18-48D7DF968678}.Release|x64.Build.0 = Release|x64
		{0E5BDA14-820C-4D68-8A18-48D7DF968678}.Release|x64.Deploy.0 = Release|x64
		{0E5BDA14-820C-4D68-8A18-48D7DF968678}.Release|x86.ActiveCfg = Release|x86
		{0E5BDA14-820C-4D68-8A18-48D7DF968678}.Release|x86.Build.0 = Release|x86
		{0E5BDA14-820C-4D68-8A18-48D7DF968678}.Release|x86.Deploy.0 = Release|x86
	EndGlobalSection
	GlobalSection(SolutionProperties) = preSolution
		HideSolutionNode = FALSE
	EndGlobalSection
	GlobalSection(ExtensibilityGlobals) = postSolution
		SolutionGuid = {F6D05029-56B8-4E45-AF2D-0E76295DDBA2}
	EndGlobalSection
EndGlobal
